{
    "_readme": [
        "This file locks the dependencies of your project to a known state",
        "Read more about it at https://getcomposer.org/doc/01-basic-usage.md#composer-lock-the-lock-file",
        "This file is @generated automatically"
    ],
    "hash": "225e38a13b09bb6775e9f59b9975afbb",
    "content-hash": "7cbcf23df3670a8a682f83cb23230c0a",
    "packages": [],
    "packages-dev": null,
    "aliases": [],
    "minimum-stability": "stable",
    "stability-flags": [],
    "prefer-stable": false,
    "prefer-lowest": false,
    "platform": {
        "php": ">=5.6",
        "ext-openssl": "*",
        "ext-libxml": "*",
        "ext-curl": "*",
        "ext-pdo": "*"
    },
    "platform-dev": []
}
